
Microsoft Visual Studio Solution File, Format Version 12.00
# Visual Studio 14
VisualStudioVersion = 14.0.25420.1
MinimumVisualStudioVersion = 10.0.40219.1
Project("{FAE04EC0-301F-11D3-BF4B-00C04F79EFBC}") = "CrmPackage", "Defra.Lp.WastePermits\CrmPackage\CrmPackage.csproj", "{EF3B27F7-79EE-40FE-AE7D-A36E2866C852}"
	ProjectSection(ProjectDependencies) = postProject
		{B208E824-B4B1-439D-B17A-7E58B21098AD} = {B208E824-B4B1-439D-B17A-7E58B21098AD}
		{CF07B82A-6D6E-4D42-9E7E-675F72C04574} = {CF07B82A-6D6E-4D42-9E7E-675F72C04574}
		{375F084C-F558-4394-9F79-383E80C61E72} = {375F084C-F558-4394-9F79-383E80C61E72}
	EndProjectSection
EndProject
Project("{FAE04EC0-301F-11D3-BF4B-00C04F79EFBC}") = "Plugins", "Defra.Lp.WastePermits\Plugins\Plugins.csproj", "{CF07B82A-6D6E-4D42-9E7E-675F72C04574}"
EndProject
Project("{FAE04EC0-301F-11D3-BF4B-00C04F79EFBC}") = "WastePermits", "Defra.Lp.WastePermits\Solution\WastePermits.CSPROJ", "{375F084C-F558-4394-9F79-383E80C61E72}"
EndProject
Project("{FAE04EC0-301F-11D3-BF4B-00C04F79EFBC}") = "Workflows", "Defra.Lp.WastePermits\Workflows\Workflows.csproj", "{B208E824-B4B1-439D-B17A-7E58B21098AD}"
EndProject
Global
	GlobalSection(SolutionConfigurationPlatforms) = preSolution
		Debug|Any CPU = Debug|Any CPU
		Release|Any CPU = Release|Any CPU
	EndGlobalSection
	GlobalSection(ProjectConfigurationPlatforms) = postSolution
		{EF3B27F7-79EE-40FE-AE7D-A36E2866C852}.Debug|Any CPU.ActiveCfg = Debug|Any CPU
		{EF3B27F7-79EE-40FE-AE7D-A36E2866C852}.Debug|Any CPU.Build.0 = Debug|Any CPU
		{EF3B27F7-79EE-40FE-AE7D-A36E2866C852}.Debug|Any CPU.Deploy.0 = Debug|Any CPU
		{EF3B27F7-79EE-40FE-AE7D-A36E2866C852}.Release|Any CPU.ActiveCfg = Release|Any CPU
		{EF3B27F7-79EE-40FE-AE7D-A36E2866C852}.Release|Any CPU.Build.0 = Release|Any CPU
		{EF3B27F7-79EE-40FE-AE7D-A36E2866C852}.Release|Any CPU.Deploy.0 = Release|Any CPU
		{CF07B82A-6D6E-4D42-9E7E-675F72C04574}.Debug|Any CPU.ActiveCfg = Debug|Any CPU
		{CF07B82A-6D6E-4D42-9E7E-675F72C04574}.Debug|Any CPU.Build.0 = Debug|Any CPU
		{CF07B82A-6D6E-4D42-9E7E-675F72C04574}.Release|Any CPU.ActiveCfg = Release|Any CPU
		{CF07B82A-6D6E-4D42-9E7E-675F72C04574}.Release|Any CPU.Build.0 = Release|Any CPU
		{375F084C-F558-4394-9F79-383E80C61E72}.Debug|Any CPU.ActiveCfg = Debug|Any CPU
		{375F084C-F558-4394-9F79-383E80C61E72}.Debug|Any CPU.Build.0 = Debug|Any CPU
		{375F084C-F558-4394-9F79-383E80C61E72}.Release|Any CPU.ActiveCfg = Release|Any CPU
		{375F084C-F558-4394-9F79-383E80C61E72}.Release|Any CPU.Build.0 = Release|Any CPU
		{B208E824-B4B1-439D-B17A-7E58B21098AD}.Debug|Any CPU.ActiveCfg = Debug|Any CPU
		{B208E824-B4B1-439D-B17A-7E58B21098AD}.Debug|Any CPU.Build.0 = Debug|Any CPU
		{B208E824-B4B1-439D-B17A-7E58B21098AD}.Release|Any CPU.ActiveCfg = Release|Any CPU
		{B208E824-B4B1-439D-B17A-7E58B21098AD}.Release|Any CPU.Build.0 = Release|Any CPU
	EndGlobalSection
	GlobalSection(SolutionProperties) = preSolution
		HideSolutionNode = FALSE
	EndGlobalSection
	GlobalSection(CRMSolutionProperties) = preSolution
		SolutionIsBoundToCRM = True
	EndGlobalSection
EndGlobal
