
Microsoft Visual Studio Solution File, Format Version 12.00
# Visual Studio 14
VisualStudioVersion = 14.0.25420.1
MinimumVisualStudioVersion = 10.0.40219.1
Project("{88A30576-7583-4F75-8136-5EFD2C14ADFF}") = "CrmPackage", "Defra.Lp.Core\CrmPackage\CrmPackage.csproj", "{196B5031-2FF9-4355-B5C7-D2E979572DEE}"
	ProjectSection(ProjectDependencies) = postProject
		{7C056E21-F9E9-4BEA-8A3E-AF980E13E8FF} = {7C056E21-F9E9-4BEA-8A3E-AF980E13E8FF}
		{BE6EF04E-A58F-422B-9501-7E0AE1F66E51} = {BE6EF04E-A58F-422B-9501-7E0AE1F66E51}
		{FE90926F-62C7-48D0-998C-3122C4E92E2D} = {FE90926F-62C7-48D0-998C-3122C4E92E2D}
		{0B95AB7C-8876-49C1-A829-01CFDB59BFE0} = {0B95AB7C-8876-49C1-A829-01CFDB59BFE0}
		{757E2298-5211-4CEA-AC39-457C0A52E8C2} = {757E2298-5211-4CEA-AC39-457C0A52E8C2}
		{1B77E4B9-9E26-4334-9AA1-1A86AF626E4C} = {1B77E4B9-9E26-4334-9AA1-1A86AF626E4C}
	EndProjectSection
EndProject
Project("{FAE04EC0-301F-11D3-BF4B-00C04F79EFBC}") = "Plugins", "Defra.Lp.Core\Plugins\Plugins.csproj", "{757E2298-5211-4CEA-AC39-457C0A52E8C2}"
EndProject
Project("{FAE04EC0-301F-11D3-BF4B-00C04F79EFBC}") = "Core", "Defra.Lp.Core\Solution\Core.CSPROJ", "{0B95AB7C-8876-49C1-A829-01CFDB59BFE0}"
EndProject
Project("{FAE04EC0-301F-11D3-BF4B-00C04F79EFBC}") = "Workflows", "Defra.Lp.Core\Workflows\Workflows.csproj", "{BE6EF04E-A58F-422B-9501-7E0AE1F66E51}"
EndProject
Project("{FAE04EC0-301F-11D3-BF4B-00C04F79EFBC}") = "SiteMap", "SiteMap\SiteMap.csproj", "{7C056E21-F9E9-4BEA-8A3E-AF980E13E8FF}"
EndProject
Project("{FAE04EC0-301F-11D3-BF4B-00C04F79EFBC}") = "Core.Model", "Defra.Lp.Core\Core.Model\Core.Model.csproj", "{6A50DE32-CA46-4684-8AA2-64B1E4FCD36E}"
EndProject
Project("{FAE04EC0-301F-11D3-BF4B-00C04F79EFBC}") = "Core.CardPayments.DataAccess", "Defra.Lp.Core\Core.DataAccess\Core.CardPayments.DataAccess.csproj", "{A5AB7D61-D8C9-448B-814B-772AA030C818}"
EndProject
Project("{FAE04EC0-301F-11D3-BF4B-00C04F79EFBC}") = "Core.CardPayments.Api", "Defra.Lp.Core\Core.CardPayments.Api\Core.CardPayments.Api.csproj", "{85086156-4A5F-4B63-AF75-419CDB048C87}"
EndProject
Project("{FAE04EC0-301F-11D3-BF4B-00C04F79EFBC}") = "Core.CardPayments.Api.Tests", "Defra.Lp.Core\Core.CardPayments.Api.Tests\Core.CardPayments.Api.Tests.csproj", "{19945415-7B05-46EC-9950-0BADF56FD62A}"
EndProject
Project("{FAE04EC0-301F-11D3-BF4B-00C04F79EFBC}") = "Core.CardPayments.Api.Workflow", "Defra.Lp.Core\Core.CardPayments.Api.Workflow\Core.CardPayments.Api.Workflow.csproj", "{FE90926F-62C7-48D0-998C-3122C4E92E2D}"
EndProject
Project("{FAE04EC0-301F-11D3-BF4B-00C04F79EFBC}") = "Core.DataAccess.Tests", "Defra.Lp.Core\Core.DataAccess.Tests\Core.DataAccess.Tests.csproj", "{75316BD2-212A-4773-9D27-E0B972C67633}"
EndProject
Project("{FAE04EC0-301F-11D3-BF4B-00C04F79EFBC}") = "Core.CardPayments.Model", "Defra.Lp.Core\Core.CardPayments.Model\Core.CardPayments.Model.csproj", "{2501A81B-ACA1-4CAD-873F-EB7C4902D6FE}"
EndProject
Project("{FAE04EC0-301F-11D3-BF4B-00C04F79EFBC}") = "Core.CompaniesHouse.Api", "Defra.Lp.Core\Core.CompaniesHouse.Api\Core.CompaniesHouse.Api.csproj", "{F5D40570-6856-4879-A592-95FD26660A71}"
EndProject
Project("{FAE04EC0-301F-11D3-BF4B-00C04F79EFBC}") = "Core.CompaniesHouse.Api.Workflow", "Defra.Lp.Core\Core.CompaniesHouse.Api.Workflow\Core.CompaniesHouse.Api.Workflow.csproj", "{1B77E4B9-9E26-4334-9AA1-1A86AF626E4C}"
EndProject
Global
	GlobalSection(SolutionConfigurationPlatforms) = preSolution
		Debug|Any CPU = Debug|Any CPU
		Release|Any CPU = Release|Any CPU
	EndGlobalSection
	GlobalSection(ProjectConfigurationPlatforms) = postSolution
		{196B5031-2FF9-4355-B5C7-D2E979572DEE}.Debug|Any CPU.ActiveCfg = Debug|Any CPU
		{196B5031-2FF9-4355-B5C7-D2E979572DEE}.Debug|Any CPU.Build.0 = Debug|Any CPU
		{196B5031-2FF9-4355-B5C7-D2E979572DEE}.Debug|Any CPU.Deploy.0 = Debug|Any CPU
		{196B5031-2FF9-4355-B5C7-D2E979572DEE}.Release|Any CPU.ActiveCfg = Release|Any CPU
		{196B5031-2FF9-4355-B5C7-D2E979572DEE}.Release|Any CPU.Build.0 = Release|Any CPU
		{196B5031-2FF9-4355-B5C7-D2E979572DEE}.Release|Any CPU.Deploy.0 = Release|Any CPU
		{757E2298-5211-4CEA-AC39-457C0A52E8C2}.Debug|Any CPU.ActiveCfg = Debug|Any CPU
		{757E2298-5211-4CEA-AC39-457C0A52E8C2}.Debug|Any CPU.Build.0 = Debug|Any CPU
		{757E2298-5211-4CEA-AC39-457C0A52E8C2}.Release|Any CPU.ActiveCfg = Release|Any CPU
		{757E2298-5211-4CEA-AC39-457C0A52E8C2}.Release|Any CPU.Build.0 = Release|Any CPU
		{0B95AB7C-8876-49C1-A829-01CFDB59BFE0}.Debug|Any CPU.ActiveCfg = Debug|Any CPU
		{0B95AB7C-8876-49C1-A829-01CFDB59BFE0}.Debug|Any CPU.Build.0 = Debug|Any CPU
		{0B95AB7C-8876-49C1-A829-01CFDB59BFE0}.Release|Any CPU.ActiveCfg = Release|Any CPU
		{0B95AB7C-8876-49C1-A829-01CFDB59BFE0}.Release|Any CPU.Build.0 = Release|Any CPU
		{BE6EF04E-A58F-422B-9501-7E0AE1F66E51}.Debug|Any CPU.ActiveCfg = Debug|Any CPU
		{BE6EF04E-A58F-422B-9501-7E0AE1F66E51}.Debug|Any CPU.Build.0 = Debug|Any CPU
		{BE6EF04E-A58F-422B-9501-7E0AE1F66E51}.Release|Any CPU.ActiveCfg = Release|Any CPU
		{BE6EF04E-A58F-422B-9501-7E0AE1F66E51}.Release|Any CPU.Build.0 = Release|Any CPU
		{7C056E21-F9E9-4BEA-8A3E-AF980E13E8FF}.Debug|Any CPU.ActiveCfg = Debug|Any CPU
		{7C056E21-F9E9-4BEA-8A3E-AF980E13E8FF}.Debug|Any CPU.Build.0 = Debug|Any CPU
		{7C056E21-F9E9-4BEA-8A3E-AF980E13E8FF}.Release|Any CPU.ActiveCfg = Release|Any CPU
		{7C056E21-F9E9-4BEA-8A3E-AF980E13E8FF}.Release|Any CPU.Build.0 = Release|Any CPU
		{6A50DE32-CA46-4684-8AA2-64B1E4FCD36E}.Debug|Any CPU.ActiveCfg = Debug|Any CPU
		{6A50DE32-CA46-4684-8AA2-64B1E4FCD36E}.Debug|Any CPU.Build.0 = Debug|Any CPU
		{6A50DE32-CA46-4684-8AA2-64B1E4FCD36E}.Release|Any CPU.ActiveCfg = Release|Any CPU
		{6A50DE32-CA46-4684-8AA2-64B1E4FCD36E}.Release|Any CPU.Build.0 = Release|Any CPU
		{A5AB7D61-D8C9-448B-814B-772AA030C818}.Debug|Any CPU.ActiveCfg = Debug|Any CPU
		{A5AB7D61-D8C9-448B-814B-772AA030C818}.Debug|Any CPU.Build.0 = Debug|Any CPU
		{A5AB7D61-D8C9-448B-814B-772AA030C818}.Release|Any CPU.ActiveCfg = Release|Any CPU
		{A5AB7D61-D8C9-448B-814B-772AA030C818}.Release|Any CPU.Build.0 = Release|Any CPU
		{85086156-4A5F-4B63-AF75-419CDB048C87}.Debug|Any CPU.ActiveCfg = Debug|Any CPU
		{85086156-4A5F-4B63-AF75-419CDB048C87}.Debug|Any CPU.Build.0 = Debug|Any CPU
		{85086156-4A5F-4B63-AF75-419CDB048C87}.Release|Any CPU.ActiveCfg = Release|Any CPU
		{85086156-4A5F-4B63-AF75-419CDB048C87}.Release|Any CPU.Build.0 = Release|Any CPU
		{19945415-7B05-46EC-9950-0BADF56FD62A}.Debug|Any CPU.ActiveCfg = Debug|Any CPU
		{19945415-7B05-46EC-9950-0BADF56FD62A}.Debug|Any CPU.Build.0 = Debug|Any CPU
		{19945415-7B05-46EC-9950-0BADF56FD62A}.Release|Any CPU.ActiveCfg = Release|Any CPU
		{19945415-7B05-46EC-9950-0BADF56FD62A}.Release|Any CPU.Build.0 = Release|Any CPU
		{FE90926F-62C7-48D0-998C-3122C4E92E2D}.Debug|Any CPU.ActiveCfg = Debug|Any CPU
		{FE90926F-62C7-48D0-998C-3122C4E92E2D}.Debug|Any CPU.Build.0 = Debug|Any CPU
		{FE90926F-62C7-48D0-998C-3122C4E92E2D}.Release|Any CPU.ActiveCfg = Release|Any CPU
		{FE90926F-62C7-48D0-998C-3122C4E92E2D}.Release|Any CPU.Build.0 = Release|Any CPU
		{75316BD2-212A-4773-9D27-E0B972C67633}.Debug|Any CPU.ActiveCfg = Debug|Any CPU
		{75316BD2-212A-4773-9D27-E0B972C67633}.Debug|Any CPU.Build.0 = Debug|Any CPU
		{75316BD2-212A-4773-9D27-E0B972C67633}.Release|Any CPU.ActiveCfg = Release|Any CPU
		{75316BD2-212A-4773-9D27-E0B972C67633}.Release|Any CPU.Build.0 = Release|Any CPU
		{2501A81B-ACA1-4CAD-873F-EB7C4902D6FE}.Debug|Any CPU.ActiveCfg = Debug|Any CPU
		{2501A81B-ACA1-4CAD-873F-EB7C4902D6FE}.Debug|Any CPU.Build.0 = Debug|Any CPU
		{2501A81B-ACA1-4CAD-873F-EB7C4902D6FE}.Release|Any CPU.ActiveCfg = Release|Any CPU
		{2501A81B-ACA1-4CAD-873F-EB7C4902D6FE}.Release|Any CPU.Build.0 = Release|Any CPU
		{F5D40570-6856-4879-A592-95FD26660A71}.Debug|Any CPU.ActiveCfg = Debug|Any CPU
		{F5D40570-6856-4879-A592-95FD26660A71}.Debug|Any CPU.Build.0 = Debug|Any CPU
		{F5D40570-6856-4879-A592-95FD26660A71}.Release|Any CPU.ActiveCfg = Release|Any CPU
		{F5D40570-6856-4879-A592-95FD26660A71}.Release|Any CPU.Build.0 = Release|Any CPU
		{1B77E4B9-9E26-4334-9AA1-1A86AF626E4C}.Debug|Any CPU.ActiveCfg = Debug|Any CPU
		{1B77E4B9-9E26-4334-9AA1-1A86AF626E4C}.Debug|Any CPU.Build.0 = Debug|Any CPU
		{1B77E4B9-9E26-4334-9AA1-1A86AF626E4C}.Release|Any CPU.ActiveCfg = Release|Any CPU
		{1B77E4B9-9E26-4334-9AA1-1A86AF626E4C}.Release|Any CPU.Build.0 = Release|Any CPU
	EndGlobalSection
	GlobalSection(SolutionProperties) = preSolution
		HideSolutionNode = FALSE
	EndGlobalSection
	GlobalSection(CRMSolutionProperties) = preSolution
		SolutionIsBoundToCRM = True
	EndGlobalSection
EndGlobal
