
Microsoft Visual Studio Solution File, Format Version 12.00
# Visual Studio 14
VisualStudioVersion = 14.0.25420.1
MinimumVisualStudioVersion = 10.0.40219.1
Project("{159641D6-6404-4A2A-AE62-294DE0FE8301}") = "Defra.DetaDeployment.SSIS", "Defra.DataDeployment.SSIS\Defra.DetaDeployment.SSIS.dtproj", "{9EBD4AF1-81CA-4559-A52A-E24AC0CA777D}"
EndProject
Project("{00D1A9C2-B5F0-4AF3-8072-F6C62B433612}") = "Defra.DataDeployment.Setup", "Defra.DataDeployment.Setup\Defra.DataDeployment.Setup.sqlproj", "{FF841A6D-02C7-47CA-887D-E8EF8BF86165}"
EndProject
Global
	GlobalSection(SolutionConfigurationPlatforms) = preSolution
		Debug|Any CPU = Debug|Any CPU
		Development|Any CPU = Development|Any CPU
		Release|Any CPU = Release|Any CPU
	EndGlobalSection
	GlobalSection(ProjectConfigurationPlatforms) = postSolution
		{9EBD4AF1-81CA-4559-A52A-E24AC0CA777D}.Debug|Any CPU.ActiveCfg = Development
		{9EBD4AF1-81CA-4559-A52A-E24AC0CA777D}.Debug|Any CPU.Build.0 = Development
		{9EBD4AF1-81CA-4559-A52A-E24AC0CA777D}.Development|Any CPU.ActiveCfg = Development
		{9EBD4AF1-81CA-4559-A52A-E24AC0CA777D}.Development|Any CPU.Build.0 = Development
		{9EBD4AF1-81CA-4559-A52A-E24AC0CA777D}.Release|Any CPU.ActiveCfg = Development
		{9EBD4AF1-81CA-4559-A52A-E24AC0CA777D}.Release|Any CPU.Build.0 = Development
		{FF841A6D-02C7-47CA-887D-E8EF8BF86165}.Debug|Any CPU.ActiveCfg = Debug|Any CPU
		{FF841A6D-02C7-47CA-887D-E8EF8BF86165}.Debug|Any CPU.Build.0 = Debug|Any CPU
		{FF841A6D-02C7-47CA-887D-E8EF8BF86165}.Debug|Any CPU.Deploy.0 = Debug|Any CPU
		{FF841A6D-02C7-47CA-887D-E8EF8BF86165}.Development|Any CPU.ActiveCfg = Debug|Any CPU
		{FF841A6D-02C7-47CA-887D-E8EF8BF86165}.Development|Any CPU.Build.0 = Debug|Any CPU
		{FF841A6D-02C7-47CA-887D-E8EF8BF86165}.Development|Any CPU.Deploy.0 = Debug|Any CPU
		{FF841A6D-02C7-47CA-887D-E8EF8BF86165}.Release|Any CPU.ActiveCfg = Release|Any CPU
		{FF841A6D-02C7-47CA-887D-E8EF8BF86165}.Release|Any CPU.Build.0 = Release|Any CPU
		{FF841A6D-02C7-47CA-887D-E8EF8BF86165}.Release|Any CPU.Deploy.0 = Release|Any CPU
	EndGlobalSection
	GlobalSection(SolutionProperties) = preSolution
		HideSolutionNode = FALSE
	EndGlobalSection
EndGlobal
