
Microsoft Visual Studio Solution File, Format Version 12.00
# Visual Studio 15
VisualStudioVersion = 15.0.27703.2018
MinimumVisualStudioVersion = 10.0.40219.1
Project("{F5034706-568F-408A-B7B3-4D38C6DB8A32}") = "Defra.Lp.SharePointDeployment", "Defra.Lp.SharePointDeployment\Defra.Lp.SharePointDeployment.pssproj", "{6CAFC0C6-A428-4D30-A9F9-700E829FEA51}"
EndProject
Project("{FAE04EC0-301F-11D3-BF4B-00C04F79EFBC}") = "Defra.Lp.SharePointDependencies", "Defra.Lp.SharePointDependencies\Defra.Lp.SharePointDependencies.csproj", "{C9B4712E-FF9B-4A8D-8F0F-6A99FBCB3E20}"
EndProject
Global
	GlobalSection(SolutionConfigurationPlatforms) = preSolution
		Debug|Any CPU = Debug|Any CPU
		Release|Any CPU = Release|Any CPU
	EndGlobalSection
	GlobalSection(ProjectConfigurationPlatforms) = postSolution
		{6CAFC0C6-A428-4D30-A9F9-700E829FEA51}.Debug|Any CPU.ActiveCfg = Debug|Any CPU
		{6CAFC0C6-A428-4D30-A9F9-700E829FEA51}.Debug|Any CPU.Build.0 = Debug|Any CPU
		{6CAFC0C6-A428-4D30-A9F9-700E829FEA51}.Release|Any CPU.ActiveCfg = Release|Any CPU
		{6CAFC0C6-A428-4D30-A9F9-700E829FEA51}.Release|Any CPU.Build.0 = Release|Any CPU
		{C9B4712E-FF9B-4A8D-8F0F-6A99FBCB3E20}.Debug|Any CPU.ActiveCfg = Debug|Any CPU
		{C9B4712E-FF9B-4A8D-8F0F-6A99FBCB3E20}.Debug|Any CPU.Build.0 = Debug|Any CPU
		{C9B4712E-FF9B-4A8D-8F0F-6A99FBCB3E20}.Release|Any CPU.ActiveCfg = Release|Any CPU
		{C9B4712E-FF9B-4A8D-8F0F-6A99FBCB3E20}.Release|Any CPU.Build.0 = Release|Any CPU
	EndGlobalSection
	GlobalSection(SolutionProperties) = preSolution
		HideSolutionNode = FALSE
	EndGlobalSection
	GlobalSection(ExtensibilityGlobals) = postSolution
		SolutionGuid = {AAD2E432-11E4-463C-B563-B973B3C13DBC}
	EndGlobalSection
EndGlobal
