
Microsoft Visual Studio Solution File, Format Version 12.00
# Visual Studio Version 16
VisualStudioVersion = 16.0.29209.62
MinimumVisualStudioVersion = 10.0.40219.1
Project("{151D2E53-A2C4-4D7D-83FE-D05416EBD58E}") = "SharePointDocumentRelay", "SharePointDocumentRelay\SharePointDocumentRelay.deployproj", "{FA38C73F-7AF5-4A2A-A57B-D4F7377DDB75}"
EndProject
Project("{151D2E53-A2C4-4D7D-83FE-D05416EBD58E}") = "SharePointMetadataUpdate", "SharePointMetadataUpdate\SharePointMetadataUpdate.deployproj", "{2C758D9F-87E6-4B0B-B19B-BAFFE25DC34E}"
EndProject
Project("{9A19103F-16F7-4668-BE54-9A1E7A4F7556}") = "SharePointAzureFunctions", "SharePointAzureFunctions\SharePointAzureFunctions.csproj", "{575B81F6-2454-462B-99CE-622CAB035E5A}"
EndProject
Project("{151D2E53-A2C4-4D7D-83FE-D05416EBD58E}") = "SharepointFolderAutoDeletion", "SharepointFolderAutoDeletion\SharepointFolderAutoDeletion.deployproj", "{8DE95405-BDAA-4854-A1E5-9EC6E5371666}"
EndProject
Global
	GlobalSection(SolutionConfigurationPlatforms) = preSolution
		Debug|Any CPU = Debug|Any CPU
		Release|Any CPU = Release|Any CPU
	EndGlobalSection
	GlobalSection(ProjectConfigurationPlatforms) = postSolution
		{FA38C73F-7AF5-4A2A-A57B-D4F7377DDB75}.Debug|Any CPU.ActiveCfg = Debug|Any CPU
		{FA38C73F-7AF5-4A2A-A57B-D4F7377DDB75}.Debug|Any CPU.Build.0 = Debug|Any CPU
		{FA38C73F-7AF5-4A2A-A57B-D4F7377DDB75}.Release|Any CPU.ActiveCfg = Release|Any CPU
		{FA38C73F-7AF5-4A2A-A57B-D4F7377DDB75}.Release|Any CPU.Build.0 = Release|Any CPU
		{2C758D9F-87E6-4B0B-B19B-BAFFE25DC34E}.Debug|Any CPU.ActiveCfg = Debug|Any CPU
		{2C758D9F-87E6-4B0B-B19B-BAFFE25DC34E}.Debug|Any CPU.Build.0 = Debug|Any CPU
		{2C758D9F-87E6-4B0B-B19B-BAFFE25DC34E}.Release|Any CPU.ActiveCfg = Release|Any CPU
		{2C758D9F-87E6-4B0B-B19B-BAFFE25DC34E}.Release|Any CPU.Build.0 = Release|Any CPU
		{575B81F6-2454-462B-99CE-622CAB035E5A}.Debug|Any CPU.ActiveCfg = Debug|Any CPU
		{575B81F6-2454-462B-99CE-622CAB035E5A}.Debug|Any CPU.Build.0 = Debug|Any CPU
		{575B81F6-2454-462B-99CE-622CAB035E5A}.Release|Any CPU.ActiveCfg = Release|Any CPU
		{575B81F6-2454-462B-99CE-622CAB035E5A}.Release|Any CPU.Build.0 = Release|Any CPU
		{8DE95405-BDAA-4854-A1E5-9EC6E5371666}.Debug|Any CPU.ActiveCfg = Debug|Any CPU
		{8DE95405-BDAA-4854-A1E5-9EC6E5371666}.Debug|Any CPU.Build.0 = Debug|Any CPU
		{8DE95405-BDAA-4854-A1E5-9EC6E5371666}.Release|Any CPU.ActiveCfg = Release|Any CPU
		{8DE95405-BDAA-4854-A1E5-9EC6E5371666}.Release|Any CPU.Build.0 = Release|Any CPU
	EndGlobalSection
	GlobalSection(SolutionProperties) = preSolution
		HideSolutionNode = FALSE
	EndGlobalSection
	GlobalSection(ExtensibilityGlobals) = postSolution
		SolutionGuid = {5B1B6888-E3C9-435E-A70E-0DF3171DF9E0}
	EndGlobalSection
EndGlobal
