
Microsoft Visual Studio Solution File, Format Version 12.00
# Visual Studio 15
VisualStudioVersion = 15.0.27703.2018
MinimumVisualStudioVersion = 10.0.40219.1
Project("{151D2E53-A2C4-4D7D-83FE-D05416EBD58E}") = "SharePointDocumentRelay", "SharePointDocumentRelay\SharePointDocumentRelay.deployproj", "{FA38C73F-7AF5-4A2A-A57B-D4F7377DDB75}"
EndProject
Project("{151D2E53-A2C4-4D7D-83FE-D05416EBD58E}") = "SharePointMetadataUpdate", "SharePointMetadataUpdate\SharePointMetadataUpdate.deployproj", "{2C758D9F-87E6-4B0B-B19B-BAFFE25DC34E}"
EndProject
Project("{FAE04EC0-301F-11D3-BF4B-00C04F79EFBC}") = "SharePointAzureFunctions", "SharePointAzureFunctions\SharePointAzureFunctions.csproj", "{575B81F6-2454-462B-99CE-622CAB035E5A}"
EndProject
Global
	GlobalSection(SolutionConfigurationPlatforms) = preSolution
		Debug|Any CPU = Debug|Any CPU
		Release|Any CPU = Release|Any CPU
	EndGlobalSection
	GlobalSection(ProjectConfigurationPlatforms) = postSolution
		{FA38C73F-7AF5-4A2A-A57B-D4F7377DDB75}.Debug|Any CPU.ActiveCfg = Debug|Any CPU
		{FA38C73F-7AF5-4A2A-A57B-D4F7377DDB75}.Debug|Any CPU.Build.0 = Debug|Any CPU
		{FA38C73F-7AF5-4A2A-A57B-D4F7377DDB75}.Release|Any CPU.ActiveCfg = Release|Any CPU
		{FA38C73F-7AF5-4A2A-A57B-D4F7377DDB75}.Release|Any CPU.Build.0 = Release|Any CPU
		{2C758D9F-87E6-4B0B-B19B-BAFFE25DC34E}.Debug|Any CPU.ActiveCfg = Debug|Any CPU
		{2C758D9F-87E6-4B0B-B19B-BAFFE25DC34E}.Debug|Any CPU.Build.0 = Debug|Any CPU
		{2C758D9F-87E6-4B0B-B19B-BAFFE25DC34E}.Release|Any CPU.ActiveCfg = Release|Any CPU
		{2C758D9F-87E6-4B0B-B19B-BAFFE25DC34E}.Release|Any CPU.Build.0 = Release|Any CPU
		{575B81F6-2454-462B-99CE-622CAB035E5A}.Debug|Any CPU.ActiveCfg = Debug|Any CPU
		{575B81F6-2454-462B-99CE-622CAB035E5A}.Debug|Any CPU.Build.0 = Debug|Any CPU
		{575B81F6-2454-462B-99CE-622CAB035E5A}.Release|Any CPU.ActiveCfg = Release|Any CPU
		{575B81F6-2454-462B-99CE-622CAB035E5A}.Release|Any CPU.Build.0 = Release|Any CPU
	EndGlobalSection
	GlobalSection(SolutionProperties) = preSolution
		HideSolutionNode = FALSE
	EndGlobalSection
	GlobalSection(ExtensibilityGlobals) = postSolution
		SolutionGuid = {5B1B6888-E3C9-435E-A70E-0DF3171DF9E0}
	EndGlobalSection
EndGlobal
